
Microsoft Visual Studio Solution File, Format Version 12.00
# Visual Studio Version 16
VisualStudioVersion = 16.0.29613.14
MinimumVisualStudioVersion = 10.0.40219.1
Project("{FAE04EC0-301F-11D3-BF4B-00C04F79EFBC}") = "ReversePolishNotation", "ReversePolishNotation\ReversePolishNotation.csproj", "{4725C0D5-D4D7-48EF-912B-26132BE3CA83}"
EndProject
Global
	GlobalSection(SolutionConfigurationPlatforms) = preSolution
		Debug|Any CPU = Debug|Any CPU
		Release|Any CPU = Release|Any CPU
	EndGlobalSection
	GlobalSection(ProjectConfigurationPlatforms) = postSolution
		{4725C0D5-D4D7-48EF-912B-26132BE3CA83}.Debug|Any CPU.ActiveCfg = Debug|Any CPU
		{4725C0D5-D4D7-48EF-912B-26132BE3CA83}.Debug|Any CPU.Build.0 = Debug|Any CPU
		{4725C0D5-D4D7-48EF-912B-26132BE3CA83}.Release|Any CPU.ActiveCfg = Release|Any CPU
		{4725C0D5-D4D7-48EF-912B-26132BE3CA83}.Release|Any CPU.Build.0 = Release|Any CPU
	EndGlobalSection
	GlobalSection(SolutionProperties) = preSolution
		HideSolutionNode = FALSE
	EndGlobalSection
	GlobalSection(ExtensibilityGlobals) = postSolution
		SolutionGuid = {9BC1FFD1-E77F-44F2-8E29-EF4C3C983495}
	EndGlobalSection
EndGlobal
